{
  "version": 4,
  "terraform_version": "1.5.7",
  "serial": 18,
  "lineage": "3ace3e48-b9b2-245a-bba7-65a195e7edc1",
  "outputs": {
    "iam_arns": {
      "value": [
        "arn:aws:iam::284442860920:user/system/iamuser0",
        "arn:aws:iam::284442860920:user/system/iamuser1",
        "arn:aws:iam::284442860920:user/system/iamuser2"
      ],
      "type": [
        "tuple",
        [
          "string",
          "string",
          "string"
        ]
      ]
    },
    "iam_names": {
      "value": [
        "iamuser0",
        "iamuser1",
        "iamuser2"
      ],
      "type": [
        "tuple",
        [
          "string",
          "string",
          "string"
        ]
      ]
    }
  },
  "resources": [
    {
      "mode": "managed",
      "type": "aws_iam_user",
      "name": "lb",
      "provider": "provider[\"registry.terraform.io/hashicorp/aws\"]",
      "instances": [
        {
          "index_key": 0,
          "schema_version": 0,
          "attributes": {
            "arn": "arn:aws:iam::284442860920:user/system/iamuser0",
            "force_destroy": false,
            "id": "iamuser0",
            "name": "iamuser0",
            "path": "/system/",
            "permissions_boundary": "",
            "tags": {},
            "tags_all": {},
            "unique_id": "AIDAUEOQ5TV4CLZF5JIAS"
          },
          "sensitive_attributes": [],
          "private": "bnVsbA=="
        },
        {
          "index_key": 1,
          "schema_version": 0,
          "attributes": {
            "arn": "arn:aws:iam::284442860920:user/system/iamuser1",
            "force_destroy": false,
            "id": "iamuser1",
            "name": "iamuser1",
            "path": "/system/",
            "permissions_boundary": "",
            "tags": {},
            "tags_all": {},
            "unique_id": "AIDAUEOQ5TV4NNOGDM4AW"
          },
          "sensitive_attributes": [],
          "private": "bnVsbA=="
        },
        {
          "index_key": 2,
          "schema_version": 0,
          "attributes": {
            "arn": "arn:aws:iam::284442860920:user/system/iamuser2",
            "force_destroy": false,
            "id": "iamuser2",
            "name": "iamuser2",
            "path": "/system/",
            "permissions_boundary": "",
            "tags": {},
            "tags_all": {},
            "unique_id": "AIDAUEOQ5TV4APFAX2NNL"
          },
          "sensitive_attributes": [],
          "private": "bnVsbA=="
        }
      ]
    }
  ],
  "check_results": null
}
