{
  "version": 4,
  "terraform_version": "1.7.3",
  "serial": 25,
  "lineage": "60bac71b-bc16-8a42-0743-2ea9eb9eb200",
  "outputs": {
    "iam_user": {
      "value": [
        "arn:aws:iam::284442860920:user/system/iamuser.0",
        "arn:aws:iam::284442860920:user/system/iamuser.1",
        "arn:aws:iam::284442860920:user/system/iamuser.2"
      ],
      "type": [
        "tuple",
        [
          "string",
          "string",
          "string"
        ]
      ]
    }
  },
  "resources": [
    {
      "mode": "managed",
      "type": "aws_iam_user",
      "name": "lb",
      "provider": "provider[\"registry.terraform.io/hashicorp/aws\"]",
      "instances": [
        {
          "index_key": 0,
          "schema_version": 0,
          "attributes": {
            "arn": "arn:aws:iam::284442860920:user/system/iamuser.0",
            "force_destroy": false,
            "id": "iamuser.0",
            "name": "iamuser.0",
            "path": "/system/",
            "permissions_boundary": "",
            "tags": {},
            "tags_all": {},
            "unique_id": "AIDAUEOQ5TV4H4II4EWX2"
          },
          "sensitive_attributes": [],
          "private": "bnVsbA=="
        },
        {
          "index_key": 1,
          "schema_version": 0,
          "attributes": {
            "arn": "arn:aws:iam::284442860920:user/system/iamuser.1",
            "force_destroy": false,
            "id": "iamuser.1",
            "name": "iamuser.1",
            "path": "/system/",
            "permissions_boundary": "",
            "tags": {},
            "tags_all": {},
            "unique_id": "AIDAUEOQ5TV4A2PFD3DY4"
          },
          "sensitive_attributes": [],
          "private": "bnVsbA=="
        },
        {
          "index_key": 2,
          "schema_version": 0,
          "attributes": {
            "arn": "arn:aws:iam::284442860920:user/system/iamuser.2",
            "force_destroy": false,
            "id": "iamuser.2",
            "name": "iamuser.2",
            "path": "/system/",
            "permissions_boundary": "",
            "tags": {},
            "tags_all": {},
            "unique_id": "AIDAUEOQ5TV4FFRSTXEOB"
          },
          "sensitive_attributes": [],
          "private": "bnVsbA=="
        }
      ]
    }
  ],
  "check_results": null
}
