{
  "version": 4,
  "terraform_version": "1.7.3",
  "serial": 5,
  "lineage": "2f029996-30a3-014e-d820-64ecd3fa0607",
  "outputs": {
    "lb": {
      "value": {
        "address": null,
        "allocation_id": "eipalloc-0ac47a45a4b6da921",
        "associate_with_private_ip": null,
        "association_id": "",
        "carrier_ip": "",
        "customer_owned_ip": "",
        "customer_owned_ipv4_pool": "",
        "domain": "vpc",
        "id": "eipalloc-0ac47a45a4b6da921",
        "instance": "",
        "network_border_group": "us-east-1",
        "network_interface": "",
        "private_dns": null,
        "private_ip": "",
        "public_dns": "ec2-35-171-174-44.compute-1.amazonaws.com",
        "public_ip": "35.171.174.44",
        "public_ipv4_pool": "amazon",
        "tags": {},
        "tags_all": {},
        "timeouts": null,
        "vpc": true
      },
      "type": [
        "object",
        {
          "address": "string",
          "allocation_id": "string",
          "associate_with_private_ip": "string",
          "association_id": "string",
          "carrier_ip": "string",
          "customer_owned_ip": "string",
          "customer_owned_ipv4_pool": "string",
          "domain": "string",
          "id": "string",
          "instance": "string",
          "network_border_group": "string",
          "network_interface": "string",
          "private_dns": "string",
          "private_ip": "string",
          "public_dns": "string",
          "public_ip": "string",
          "public_ipv4_pool": "string",
          "tags": [
            "map",
            "string"
          ],
          "tags_all": [
            "map",
            "string"
          ],
          "timeouts": [
            "object",
            {
              "delete": "string",
              "read": "string",
              "update": "string"
            }
          ],
          "vpc": "bool"
        }
      ]
    },
    "public_ip": {
      "value": "35.171.174.44",
      "type": "string"
    }
  },
  "resources": [
    {
      "mode": "managed",
      "type": "aws_eip",
      "name": "lb",
      "provider": "provider[\"registry.terraform.io/hashicorp/aws\"]",
      "instances": [
        {
          "schema_version": 0,
          "attributes": {
            "address": null,
            "allocation_id": "eipalloc-0ac47a45a4b6da921",
            "associate_with_private_ip": null,
            "association_id": "",
            "carrier_ip": "",
            "customer_owned_ip": "",
            "customer_owned_ipv4_pool": "",
            "domain": "vpc",
            "id": "eipalloc-0ac47a45a4b6da921",
            "instance": "",
            "network_border_group": "us-east-1",
            "network_interface": "",
            "private_dns": null,
            "private_ip": "",
            "public_dns": "ec2-35-171-174-44.compute-1.amazonaws.com",
            "public_ip": "35.171.174.44",
            "public_ipv4_pool": "amazon",
            "tags": {},
            "tags_all": {},
            "timeouts": null,
            "vpc": true
          },
          "sensitive_attributes": [],
          "private": "eyJlMmJmYjczMC1lY2FhLTExZTYtOGY4OC0zNDM2M2JjN2M0YzAiOnsiZGVsZXRlIjoxODAwMDAwMDAwMDAsInJlYWQiOjkwMDAwMDAwMDAwMCwidXBkYXRlIjozMDAwMDAwMDAwMDB9fQ=="
        }
      ]
    }
  ],
  "check_results": null
}
